
Microsoft Visual Studio Solution File, Format Version 12.00
# Visual Studio 15
VisualStudioVersion = 15.0.28010.2050
MinimumVisualStudioVersion = 10.0.40219.1
Project("{FAE04EC0-301F-11D3-BF4B-00C04F79EFBC}") = "HW10_1", "HW10_1\HW10_1.csproj", "{C3095102-18CF-4ED3-A510-3F5692F66674}"
EndProject
Project("{FAE04EC0-301F-11D3-BF4B-00C04F79EFBC}") = "HW10_3", "HW10_3\HW10_3.csproj", "{79ADE2D4-183C-49C8-BA03-EF4881B506FF}"
EndProject
Project("{FAE04EC0-301F-11D3-BF4B-00C04F79EFBC}") = "HW10_2", "HW10_2\HW10_2.csproj", "{C370F53B-F37D-4268-8157-AB38F9FAEC81}"
EndProject
Global
	GlobalSection(SolutionConfigurationPlatforms) = preSolution
		Debug|Any CPU = Debug|Any CPU
		Release|Any CPU = Release|Any CPU
	EndGlobalSection
	GlobalSection(ProjectConfigurationPlatforms) = postSolution
		{C3095102-18CF-4ED3-A510-3F5692F66674}.Debug|Any CPU.ActiveCfg = Debug|Any CPU
		{C3095102-18CF-4ED3-A510-3F5692F66674}.Debug|Any CPU.Build.0 = Debug|Any CPU
		{C3095102-18CF-4ED3-A510-3F5692F66674}.Release|Any CPU.ActiveCfg = Release|Any CPU
		{C3095102-18CF-4ED3-A510-3F5692F66674}.Release|Any CPU.Build.0 = Release|Any CPU
		{79ADE2D4-183C-49C8-BA03-EF4881B506FF}.Debug|Any CPU.ActiveCfg = Debug|Any CPU
		{79ADE2D4-183C-49C8-BA03-EF4881B506FF}.Debug|Any CPU.Build.0 = Debug|Any CPU
		{79ADE2D4-183C-49C8-BA03-EF4881B506FF}.Release|Any CPU.ActiveCfg = Release|Any CPU
		{79ADE2D4-183C-49C8-BA03-EF4881B506FF}.Release|Any CPU.Build.0 = Release|Any CPU
		{C370F53B-F37D-4268-8157-AB38F9FAEC81}.Debug|Any CPU.ActiveCfg = Debug|Any CPU
		{C370F53B-F37D-4268-8157-AB38F9FAEC81}.Debug|Any CPU.Build.0 = Debug|Any CPU
		{C370F53B-F37D-4268-8157-AB38F9FAEC81}.Release|Any CPU.ActiveCfg = Release|Any CPU
		{C370F53B-F37D-4268-8157-AB38F9FAEC81}.Release|Any CPU.Build.0 = Release|Any CPU
	EndGlobalSection
	GlobalSection(SolutionProperties) = preSolution
		HideSolutionNode = FALSE
	EndGlobalSection
	GlobalSection(ExtensibilityGlobals) = postSolution
		SolutionGuid = {8C39B321-2679-4272-9B73-6521C9D11F10}
	EndGlobalSection
EndGlobal
